
Microsoft Visual Studio Solution File, Format Version 12.00
# Visual Studio Version 16
VisualStudioVersion = 16.0.31129.286
MinimumVisualStudioVersion = 10.0.40219.1
Project("{9A19103F-16F7-4668-BE54-9A1E7A4F7556}") = "Normas.Tecnicas.Application", "Normas.Tecnicas.Application\Normas.Tecnicas.Application.csproj", "{D34A370E-1075-473A-9AD4-7F6022C97084}"
EndProject
Project("{9A19103F-16F7-4668-BE54-9A1E7A4F7556}") = "Normas.Tecnicas.Infrastructure", "Normas.Tecnicas.Data\Normas.Tecnicas.Infrastructure.csproj", "{F50F37A1-0CCE-4429-B4A7-7CFB0A9703F7}"
EndProject
Project("{9A19103F-16F7-4668-BE54-9A1E7A4F7556}") = "Normas.Tecnicas.WebApi", "Normas.Tecnicas.WebApi\Normas.Tecnicas.WebApi.csproj", "{6E9F40C0-3BC4-4595-8BA3-80FD1904E7EA}"
EndProject
Project("{FAE04EC0-301F-11D3-BF4B-00C04F79EFBC}") = "Normas.Tecnicas.Test", "Normas.Tecnicas.Test\Normas.Tecnicas.Test.csproj", "{FB2AA322-9A27-430B-B786-4DAF8D10663F}"
EndProject
Global
	GlobalSection(SolutionConfigurationPlatforms) = preSolution
		Debug|Any CPU = Debug|Any CPU
		Release|Any CPU = Release|Any CPU
	EndGlobalSection
	GlobalSection(ProjectConfigurationPlatforms) = postSolution
		{D34A370E-1075-473A-9AD4-7F6022C97084}.Debug|Any CPU.ActiveCfg = Debug|Any CPU
		{D34A370E-1075-473A-9AD4-7F6022C97084}.Debug|Any CPU.Build.0 = Debug|Any CPU
		{D34A370E-1075-473A-9AD4-7F6022C97084}.Release|Any CPU.ActiveCfg = Release|Any CPU
		{D34A370E-1075-473A-9AD4-7F6022C97084}.Release|Any CPU.Build.0 = Release|Any CPU
		{F50F37A1-0CCE-4429-B4A7-7CFB0A9703F7}.Debug|Any CPU.ActiveCfg = Debug|Any CPU
		{F50F37A1-0CCE-4429-B4A7-7CFB0A9703F7}.Debug|Any CPU.Build.0 = Debug|Any CPU
		{F50F37A1-0CCE-4429-B4A7-7CFB0A9703F7}.Release|Any CPU.ActiveCfg = Release|Any CPU
		{F50F37A1-0CCE-4429-B4A7-7CFB0A9703F7}.Release|Any CPU.Build.0 = Release|Any CPU
		{6E9F40C0-3BC4-4595-8BA3-80FD1904E7EA}.Debug|Any CPU.ActiveCfg = Debug|Any CPU
		{6E9F40C0-3BC4-4595-8BA3-80FD1904E7EA}.Debug|Any CPU.Build.0 = Debug|Any CPU
		{6E9F40C0-3BC4-4595-8BA3-80FD1904E7EA}.Release|Any CPU.ActiveCfg = Release|Any CPU
		{6E9F40C0-3BC4-4595-8BA3-80FD1904E7EA}.Release|Any CPU.Build.0 = Release|Any CPU
		{FB2AA322-9A27-430B-B786-4DAF8D10663F}.Debug|Any CPU.ActiveCfg = Debug|Any CPU
		{FB2AA322-9A27-430B-B786-4DAF8D10663F}.Debug|Any CPU.Build.0 = Debug|Any CPU
		{FB2AA322-9A27-430B-B786-4DAF8D10663F}.Release|Any CPU.ActiveCfg = Release|Any CPU
		{FB2AA322-9A27-430B-B786-4DAF8D10663F}.Release|Any CPU.Build.0 = Release|Any CPU
	EndGlobalSection
	GlobalSection(SolutionProperties) = preSolution
		HideSolutionNode = FALSE
	EndGlobalSection
	GlobalSection(ExtensibilityGlobals) = postSolution
		SolutionGuid = {B0A9547F-21D0-45DB-B1B2-3D7356D640F5}
	EndGlobalSection
EndGlobal
